{
  "name": "telac",
  "version": "1.0.0",
  "lockfileVersion": 1,
  "requires": true,
  "dependencies": {
    "@types/color-name": {
      "version": "1.1.1",
      "resolved": "http://10.153.3.130:8080/repository/npm-proxy/@types/color-name/-/color-name-1.1.1.tgz",
      "integrity": "sha1-HBJhu+qhCoBVu8XYq4S3sq/IRqA="
    },
    "ansi-escapes": {
      "version": "4.3.1",
      "resolved": "http://10.153.3.130:8080/repository/npm-proxy/ansi-escapes/-/ansi-escapes-4.3.1.tgz",
      "integrity": "sha1-pcR8xDGB8fOP/XB2g3cA05VSKmE=",
      "requires": {
        "type-fest": "^0.11.0"
      }
    },
    "ansi-regex": {
      "version": "5.0.0",
      "resolved": "http://10.153.3.130:8080/repository/npm-proxy/ansi-regex/-/ansi-regex-5.0.0.tgz",
      "integrity": "sha1-OIU59VF5vzkznIGvMKZU1p+Hy3U="
    },
    "ansi-styles": {
      "version": "4.2.1",
      "resolved": "http://10.153.3.130:8080/repository/npm-proxy/ansi-styles/-/ansi-styles-4.2.1.tgz",
      "integrity": "sha1-kK51xCTQCNJiTFvynq0xd+v881k=",
      "requires": {
        "@types/color-name": "^1.1.1",
        "color-convert": "^2.0.1"
      }
    },
    "async": {
      "version": "0.1.22",
      "resolved": "http://10.153.3.130:8080/repository/npm-proxy/async/-/async-0.1.22.tgz",
      "integrity": "sha1-D8GqoIig4+8Ovi2IMbqw3PiEUGE="
    },
    "chalk": {
      "version": "4.1.0",
      "resolved": "http://10.153.3.130:8080/repository/npm-proxy/chalk/-/chalk-4.1.0.tgz",
      "integrity": "sha1-ThSHCmGNni7dl92DRf2dncMVZGo=",
      "requires": {
        "ansi-styles": "^4.1.0",
        "supports-color": "^7.1.0"
      }
    },
    "chardet": {
      "version": "0.7.0",
      "resolved": "http://10.153.3.130:8080/repository/npm-proxy/chardet/-/chardet-0.7.0.tgz",
      "integrity": "sha1-kAlISfCTfy7twkJdDSip5fDLrZ4="
    },
    "circular-json": {
      "version": "0.5.9",
      "resolved": "http://10.153.3.130:8080/repository/npm-proxy/circular-json/-/circular-json-0.5.9.tgz",
      "integrity": "sha1-kydjroj0996teg0JyKUaR0OlOx0="
    },
    "cli-cursor": {
      "version": "3.1.0",
      "resolved": "http://10.153.3.130:8080/repository/npm-proxy/cli-cursor/-/cli-cursor-3.1.0.tgz",
      "integrity": "sha1-JkMFp65JDR0Dvwybp8kl0XU68wc=",
      "requires": {
        "restore-cursor": "^3.1.0"
      }
    },
    "cli-width": {
      "version": "3.0.0",
      "resolved": "http://10.153.3.130:8080/repository/npm-proxy/cli-width/-/cli-width-3.0.0.tgz",
      "integrity": "sha1-ovSEN6LKqaIkNueUvwceyeYc7fY="
    },
    "color-convert": {
      "version": "2.0.1",
      "resolved": "http://10.153.3.130:8080/repository/npm-proxy/color-convert/-/color-convert-2.0.1.tgz",
      "integrity": "sha1-ctOmjVmMm9s68q0ehPIdiWq9TeM=",
      "requires": {
        "color-name": "~1.1.4"
      }
    },
    "color-name": {
      "version": "1.1.4",
      "resolved": "http://10.153.3.130:8080/repository/npm-proxy/color-name/-/color-name-1.1.4.tgz",
      "integrity": "sha1-wqCah6y95pVD3m9j+jmVyCbFNqI="
    },
    "colors": {
      "version": "0.6.2",
      "resolved": "http://10.153.3.130:8080/repository/npm-proxy/colors/-/colors-0.6.2.tgz",
      "integrity": "sha1-JCP+ZnisDF2uiFLl0OW+CMmXq8w="
    },
    "commander": {
      "version": "6.0.0",
      "resolved": "http://10.153.3.130:8080/repository/npm-proxy/commander/-/commander-6.0.0.tgz",
      "integrity": "sha1-KycNqU+PuQFEVTEvgpoRKdv4iH4="
    },
    "core-util-is": {
      "version": "1.0.2",
      "resolved": "http://10.153.3.130:8080/repository/npm-proxy/core-util-is/-/core-util-is-1.0.2.tgz",
      "integrity": "sha1-tf1UIgqivFq1eqtxQMlAdUUDwac="
    },
    "date-format": {
      "version": "1.2.0",
      "resolved": "http://10.153.3.130:8080/repository/npm-proxy/date-format/-/date-format-1.2.0.tgz",
      "integrity": "sha1-YV6CjiM90aubua4JUODOzPpuytg="
    },
    "debug": {
      "version": "3.2.6",
      "resolved": "http://10.153.3.130:8080/repository/npm-proxy/debug/-/debug-3.2.6.tgz",
      "integrity": "sha1-6D0X3hbYp++3cX7b5fsQE17uYps=",
      "requires": {
        "ms": "^2.1.1"
      }
    },
    "easy-stack": {
      "version": "1.0.0",
      "resolved": "http://10.153.3.130:8080/repository/npm-proxy/easy-stack/-/easy-stack-1.0.0.tgz",
      "integrity": "sha1-EskbMIWjfwuqM26UhurEv5Tj54g="
    },
    "emoji-regex": {
      "version": "8.0.0",
      "resolved": "http://10.153.3.130:8080/repository/npm-proxy/emoji-regex/-/emoji-regex-8.0.0.tgz",
      "integrity": "sha1-6Bj9ac5cz8tARZT4QpY79TFkzDc="
    },
    "escape-string-regexp": {
      "version": "1.0.5",
      "resolved": "http://10.153.3.130:8080/repository/npm-proxy/escape-string-regexp/-/escape-string-regexp-1.0.5.tgz",
      "integrity": "sha1-G2HAViGQqN/2rjuyzwIAyhMLhtQ="
    },
    "event-pubsub": {
      "version": "4.3.0",
      "resolved": "http://10.153.3.130:8080/repository/npm-proxy/event-pubsub/-/event-pubsub-4.3.0.tgz",
      "integrity": "sha1-9o2Ba8KfHsAsU53FjI3UDOcss24="
    },
    "external-editor": {
      "version": "3.1.0",
      "resolved": "http://10.153.3.130:8080/repository/npm-proxy/external-editor/-/external-editor-3.1.0.tgz",
      "integrity": "sha1-ywP3QL764D6k0oPK7SdBqD8zVJU=",
      "requires": {
        "chardet": "^0.7.0",
        "iconv-lite": "^0.4.24",
        "tmp": "^0.0.33"
      }
    },
    "eyes": {
      "version": "0.1.8",
      "resolved": "http://10.153.3.130:8080/repository/npm-proxy/eyes/-/eyes-0.1.8.tgz",
      "integrity": "sha1-Ys8SAjTGg3hdkCNIqADvPgzCC8A="
    },
    "figures": {
      "version": "3.2.0",
      "resolved": "http://10.153.3.130:8080/repository/npm-proxy/figures/-/figures-3.2.0.tgz",
      "integrity": "sha1-YlwYvSk8YE3EqN2y/r8MiDQXRq8=",
      "requires": {
        "escape-string-regexp": "^1.0.5"
      }
    },
    "has-flag": {
      "version": "4.0.0",
      "resolved": "http://10.153.3.130:8080/repository/npm-proxy/has-flag/-/has-flag-4.0.0.tgz",
      "integrity": "sha1-lEdx/ZyByBJlxNaUGGDaBrtZR5s="
    },
    "iconv-lite": {
      "version": "0.4.24",
      "resolved": "http://10.153.3.130:8080/repository/npm-proxy/iconv-lite/-/iconv-lite-0.4.24.tgz",
      "integrity": "sha1-ICK0sl+93CHS9SSXSkdKr+czkIs=",
      "requires": {
        "safer-buffer": ">= 2.1.2 < 3"
      }
    },
    "inherits": {
      "version": "2.0.4",
      "resolved": "http://10.153.3.130:8080/repository/npm-proxy/inherits/-/inherits-2.0.4.tgz",
      "integrity": "sha1-D6LGT5MpF8NDOg3tVTY6rjdBa3w="
    },
    "inquirer": {
      "version": "7.3.3",
      "resolved": "http://10.153.3.130:8080/repository/npm-proxy/inquirer/-/inquirer-7.3.3.tgz",
      "integrity": "sha1-BNF2sq8Er8FXqD/XwQDpjuCq0AM=",
      "requires": {
        "ansi-escapes": "^4.2.1",
        "chalk": "^4.1.0",
        "cli-cursor": "^3.1.0",
        "cli-width": "^3.0.0",
        "external-editor": "^3.0.3",
        "figures": "^3.0.0",
        "lodash": "^4.17.19",
        "mute-stream": "0.0.8",
        "run-async": "^2.4.0",
        "rxjs": "^6.6.0",
        "string-width": "^4.1.0",
        "strip-ansi": "^6.0.0",
        "through": "^2.3.6"
      }
    },
    "ipc": {
      "version": "0.0.1",
      "resolved": "http://10.153.3.130:8080/repository/npm-proxy/ipc/-/ipc-0.0.1.tgz",
      "integrity": "sha1-I9QCMfW8bI9lYFUZEjf0iIrO80I=",
      "requires": {
        "async": "0.1.x",
        "redis": "0.7.x",
        "winston": "0.5.x"
      }
    },
    "is-fullwidth-code-point": {
      "version": "3.0.0",
      "resolved": "http://10.153.3.130:8080/repository/npm-proxy/is-fullwidth-code-point/-/is-fullwidth-code-point-3.0.0.tgz",
      "integrity": "sha1-8Rb4Bk/pCz94RKOJl8C3UFEmnx0="
    },
    "isarray": {
      "version": "1.0.0",
      "resolved": "http://10.153.3.130:8080/repository/npm-proxy/isarray/-/isarray-1.0.0.tgz",
      "integrity": "sha1-u5NdSFgsuhaMBoNJV6VKPgcSTxE="
    },
    "js-message": {
      "version": "1.0.5",
      "resolved": "http://10.153.3.130:8080/repository/npm-proxy/js-message/-/js-message-1.0.5.tgz",
      "integrity": "sha1-IwDSSxrwjondCVvBpMnJz8uJLRU="
    },
    "js-queue": {
      "version": "2.0.0",
      "resolved": "http://10.153.3.130:8080/repository/npm-proxy/js-queue/-/js-queue-2.0.0.tgz",
      "integrity": "sha1-NiITz4YPRo8BJfxslqvBdCUx+Ug=",
      "requires": {
        "easy-stack": "^1.0.0"
      }
    },
    "lodash": {
      "version": "4.17.21",
      "resolved": "https://registry.npmjs.org/lodash/-/lodash-4.17.21.tgz",
      "integrity": "sha512-v2kDEe57lecTulaDIuNTPy3Ry4gLGJ6Z1O3vE1krgXZNrsQ+LFTGHVxVjcXPs17LhbZVGedAJv8XZ1tvj5FvSg=="
    },
    "log4js": {
      "version": "3.0.6",
      "resolved": "http://10.153.3.130:8080/repository/npm-proxy/log4js/-/log4js-3.0.6.tgz",
      "integrity": "sha1-5srO2Uln7uuc45n5+GgqSysoyP8=",
      "requires": {
        "circular-json": "^0.5.5",
        "date-format": "^1.2.0",
        "debug": "^3.1.0",
        "rfdc": "^1.1.2",
        "streamroller": "0.7.0"
      }
    },
    "loggly": {
      "version": "0.3.11",
      "resolved": "http://10.153.3.130:8080/repository/npm-proxy/loggly/-/loggly-0.3.11.tgz",
      "integrity": "sha1-YsHsNDZ3LwlUWY8muVfSrSmGthE=",
      "requires": {
        "request": "2.9.x",
        "timespan": "2.x.x"
      }
    },
    "mimic-fn": {
      "version": "2.1.0",
      "resolved": "http://10.153.3.130:8080/repository/npm-proxy/mimic-fn/-/mimic-fn-2.1.0.tgz",
      "integrity": "sha1-ftLCzMyvhNP/y3pptXcR/CCDQBs="
    },
    "minimist": {
      "version": "1.2.5",
      "resolved": "http://10.153.3.130:8080/repository/npm-proxy/minimist/-/minimist-1.2.5.tgz",
      "integrity": "sha1-Z9ZgFLZqaoqqDAg8X9WN9OTpdgI="
    },
    "mkdirp": {
      "version": "0.5.5",
      "resolved": "http://10.153.3.130:8080/repository/npm-proxy/mkdirp/-/mkdirp-0.5.5.tgz",
      "integrity": "sha1-2Rzv1i0UNsoPQWIOJRKI1CAJne8=",
      "requires": {
        "minimist": "^1.2.5"
      }
    },
    "ms": {
      "version": "2.1.2",
      "resolved": "http://10.153.3.130:8080/repository/npm-proxy/ms/-/ms-2.1.2.tgz",
      "integrity": "sha1-0J0fNXtEP0kzgqjrPM0YOHKuYAk="
    },
    "mute-stream": {
      "version": "0.0.8",
      "resolved": "http://10.153.3.130:8080/repository/npm-proxy/mute-stream/-/mute-stream-0.0.8.tgz",
      "integrity": "sha1-FjDEKyJR/4HiooPelqVJfqkuXg0="
    },
    "nan": {
      "version": "2.14.1",
      "resolved": "http://10.153.3.130:8080/repository/npm-proxy/nan/-/nan-2.14.1.tgz",
      "integrity": "sha1-174036MQW5FJTDFHCJMV7/iHSwE="
    },
    "node-ipc": {
      "version": "9.1.1",
      "resolved": "http://10.153.3.130:8080/repository/npm-proxy/node-ipc/-/node-ipc-9.1.1.tgz",
      "integrity": "sha1-TiRe1pOOZRAOWV68XcNLFujdXWk=",
      "requires": {
        "event-pubsub": "4.3.0",
        "js-message": "1.0.5",
        "js-queue": "2.0.0"
      }
    },
    "node-pty": {
      "version": "0.9.0",
      "resolved": "http://10.153.3.130:8080/repository/npm-proxy/node-pty/-/node-pty-0.9.0.tgz",
      "integrity": "sha1-j5vMDRxblwoxhP/VM9hix+tlkKY=",
      "requires": {
        "nan": "^2.14.0"
      }
    },
    "onetime": {
      "version": "5.1.0",
      "resolved": "http://10.153.3.130:8080/repository/npm-proxy/onetime/-/onetime-5.1.0.tgz",
      "integrity": "sha1-//DzyRYX/mK7UBiWNumayKbfe+U=",
      "requires": {
        "mimic-fn": "^2.1.0"
      }
    },
    "os-tmpdir": {
      "version": "1.0.2",
      "resolved": "http://10.153.3.130:8080/repository/npm-proxy/os-tmpdir/-/os-tmpdir-1.0.2.tgz",
      "integrity": "sha1-u+Z0BseaqFxc/sdm/lc0VV36EnQ="
    },
    "pkginfo": {
      "version": "0.2.3",
      "resolved": "http://10.153.3.130:8080/repository/npm-proxy/pkginfo/-/pkginfo-0.2.3.tgz",
      "integrity": "sha1-cjnEKl72wwuPMoQ52bn/cQQkkPg="
    },
    "process-nextick-args": {
      "version": "2.0.1",
      "resolved": "http://10.153.3.130:8080/repository/npm-proxy/process-nextick-args/-/process-nextick-args-2.0.1.tgz",
      "integrity": "sha1-eCDZsWEgzFXKmud5JoCufbptf+I="
    },
    "readable-stream": {
      "version": "2.3.7",
      "resolved": "http://10.153.3.130:8080/repository/npm-proxy/readable-stream/-/readable-stream-2.3.7.tgz",
      "integrity": "sha1-Hsoc9xGu+BTAT2IlKjamL2yyO1c=",
      "requires": {
        "core-util-is": "~1.0.0",
        "inherits": "~2.0.3",
        "isarray": "~1.0.0",
        "process-nextick-args": "~2.0.0",
        "safe-buffer": "~5.1.1",
        "string_decoder": "~1.1.1",
        "util-deprecate": "~1.0.1"
      }
    },
    "redis": {
      "version": "0.7.3",
      "resolved": "http://10.153.3.130:8080/repository/npm-proxy/redis/-/redis-0.7.3.tgz",
      "integrity": "sha1-7le3pE0l7BWU5ENl2BZfp9HUgRo="
    },
    "request": {
      "version": "2.9.203",
      "resolved": "http://10.153.3.130:8080/repository/npm-proxy/request/-/request-2.9.203.tgz",
      "integrity": "sha1-bBcRpUB/uUoRQhlWPkQUW8v0cjo="
    },
    "restore-cursor": {
      "version": "3.1.0",
      "resolved": "http://10.153.3.130:8080/repository/npm-proxy/restore-cursor/-/restore-cursor-3.1.0.tgz",
      "integrity": "sha1-OfZ8VLOnpYzqUjbZXPADQjljH34=",
      "requires": {
        "onetime": "^5.1.0",
        "signal-exit": "^3.0.2"
      }
    },
    "rfdc": {
      "version": "1.1.4",
      "resolved": "http://10.153.3.130:8080/repository/npm-proxy/rfdc/-/rfdc-1.1.4.tgz",
      "integrity": "sha1-unLME2egzNnPgahws7WL060H+MI="
    },
    "run-async": {
      "version": "2.4.1",
      "resolved": "http://10.153.3.130:8080/repository/npm-proxy/run-async/-/run-async-2.4.1.tgz",
      "integrity": "sha1-hEDsz5nqPnC9QJ1JqriOEMGJpFU="
    },
    "rxjs": {
      "version": "6.6.0",
      "resolved": "http://10.153.3.130:8080/repository/npm-proxy/rxjs/-/rxjs-6.6.0.tgz",
      "integrity": "sha1-rykB7t8C46g/+n+IYkD/kBi77IQ=",
      "requires": {
        "tslib": "^1.9.0"
      }
    },
    "safe-buffer": {
      "version": "5.1.2",
      "resolved": "http://10.153.3.130:8080/repository/npm-proxy/safe-buffer/-/safe-buffer-5.1.2.tgz",
      "integrity": "sha1-mR7GnSluAxN0fVm9/St0XDX4go0="
    },
    "safer-buffer": {
      "version": "2.1.2",
      "resolved": "http://10.153.3.130:8080/repository/npm-proxy/safer-buffer/-/safer-buffer-2.1.2.tgz",
      "integrity": "sha1-RPoWGwGHuVSd2Eu5GAL5vYOFzWo="
    },
    "signal-exit": {
      "version": "3.0.3",
      "resolved": "http://10.153.3.130:8080/repository/npm-proxy/signal-exit/-/signal-exit-3.0.3.tgz",
      "integrity": "sha1-oUEMLt2PB3sItOJTyOrPyvBXRhw="
    },
    "stack-trace": {
      "version": "0.0.10",
      "resolved": "http://10.153.3.130:8080/repository/npm-proxy/stack-trace/-/stack-trace-0.0.10.tgz",
      "integrity": "sha1-VHxws0fo0ytOEI6hoqFZ5f3eGcA="
    },
    "streamroller": {
      "version": "0.7.0",
      "resolved": "http://10.153.3.130:8080/repository/npm-proxy/streamroller/-/streamroller-0.7.0.tgz",
      "integrity": "sha1-odG3z4PTmvsNYwSaWsv5NJO99ks=",
      "requires": {
        "date-format": "^1.2.0",
        "debug": "^3.1.0",
        "mkdirp": "^0.5.1",
        "readable-stream": "^2.3.0"
      }
    },
    "string-width": {
      "version": "4.2.0",
      "resolved": "http://10.153.3.130:8080/repository/npm-proxy/string-width/-/string-width-4.2.0.tgz",
      "integrity": "sha1-lSGCxGzHssMT0VluYjmSvRY7crU=",
      "requires": {
        "emoji-regex": "^8.0.0",
        "is-fullwidth-code-point": "^3.0.0",
        "strip-ansi": "^6.0.0"
      }
    },
    "string_decoder": {
      "version": "1.1.1",
      "resolved": "http://10.153.3.130:8080/repository/npm-proxy/string_decoder/-/string_decoder-1.1.1.tgz",
      "integrity": "sha1-nPFhG6YmhdcDCunkujQUnDrwP8g=",
      "requires": {
        "safe-buffer": "~5.1.0"
      }
    },
    "strip-ansi": {
      "version": "6.0.0",
      "resolved": "http://10.153.3.130:8080/repository/npm-proxy/strip-ansi/-/strip-ansi-6.0.0.tgz",
      "integrity": "sha1-CxVx3XZpzNTz4G4U7x7tJiJa5TI=",
      "requires": {
        "ansi-regex": "^5.0.0"
      }
    },
    "supports-color": {
      "version": "7.1.0",
      "resolved": "http://10.153.3.130:8080/repository/npm-proxy/supports-color/-/supports-color-7.1.0.tgz",
      "integrity": "sha1-aOMlkd9z4lrRxLSRCKLsUHliv9E=",
      "requires": {
        "has-flag": "^4.0.0"
      }
    },
    "through": {
      "version": "2.3.8",
      "resolved": "http://10.153.3.130:8080/repository/npm-proxy/through/-/through-2.3.8.tgz",
      "integrity": "sha1-DdTJ/6q8NXlgsbckEV1+Doai4fU="
    },
    "timespan": {
      "version": "2.3.0",
      "resolved": "http://10.153.3.130:8080/repository/npm-proxy/timespan/-/timespan-2.3.0.tgz",
      "integrity": "sha1-SQLOBAvRPYRcj1myfp1ZutbzmSk="
    },
    "tmp": {
      "version": "0.0.33",
      "resolved": "http://10.153.3.130:8080/repository/npm-proxy/tmp/-/tmp-0.0.33.tgz",
      "integrity": "sha1-bTQzWIl2jSGyvNoKonfO07G/rfk=",
      "requires": {
        "os-tmpdir": "~1.0.2"
      }
    },
    "tslib": {
      "version": "1.13.0",
      "resolved": "http://10.153.3.130:8080/repository/npm-proxy/tslib/-/tslib-1.13.0.tgz",
      "integrity": "sha1-yIHhPMcBWJTtkUhi0nZDb6mkcEM="
    },
    "type-fest": {
      "version": "0.11.0",
      "resolved": "http://10.153.3.130:8080/repository/npm-proxy/type-fest/-/type-fest-0.11.0.tgz",
      "integrity": "sha1-l6vwhyMQ/tiKXEZrJWgVdhReM/E="
    },
    "util-deprecate": {
      "version": "1.0.2",
      "resolved": "http://10.153.3.130:8080/repository/npm-proxy/util-deprecate/-/util-deprecate-1.0.2.tgz",
      "integrity": "sha1-RQ1Nyfpw3nMnYvvS1KKJgUGaDM8="
    },
    "winston": {
      "version": "0.5.11",
      "resolved": "http://10.153.3.130:8080/repository/npm-proxy/winston/-/winston-0.5.11.tgz",
      "integrity": "sha1-nYTq2YGkl6kt33ZhYTer72YcQU8=",
      "requires": {
        "async": "0.1.x",
        "colors": "0.x.x",
        "eyes": "0.1.x",
        "loggly": "0.3.x >=0.3.7",
        "pkginfo": "0.2.x",
        "stack-trace": "0.0.x"
      }
    },
    "yaml": {
      "version": "1.10.0",
      "resolved": "http://10.153.3.130:8080/repository/npm-proxy/yaml/-/yaml-1.10.0.tgz",
      "integrity": "sha1-O1k63ZRIdgd9TWg/7gEIG9n/8x4="
    }
  }
}
